
Microsoft Visual Studio Solution File, Format Version 12.00
# Visual Studio Version 16
VisualStudioVersion = 16.0.30002.166
MinimumVisualStudioVersion = 10.0.40219.1
Project("{FAE04EC0-301F-11D3-BF4B-00C04F79EFBC}") = "TrackerLibrary", "TrackerLibrary\TrackerLibrary.csproj", "{815396EB-D51A-42BB-9E63-D0298EB5D1ED}"
EndProject
Project("{FAE04EC0-301F-11D3-BF4B-00C04F79EFBC}") = "TrackerUI", "TrackerUI\TrackerUI.csproj", "{4EBF543A-8DE6-4897-A90A-640354AE4EAB}"
EndProject
Global
	GlobalSection(SolutionConfigurationPlatforms) = preSolution
		Debug|Any CPU = Debug|Any CPU
		Release|Any CPU = Release|Any CPU
	EndGlobalSection
	GlobalSection(ProjectConfigurationPlatforms) = postSolution
		{815396EB-D51A-42BB-9E63-D0298EB5D1ED}.Debug|Any CPU.ActiveCfg = Debug|Any CPU
		{815396EB-D51A-42BB-9E63-D0298EB5D1ED}.Debug|Any CPU.Build.0 = Debug|Any CPU
		{815396EB-D51A-42BB-9E63-D0298EB5D1ED}.Release|Any CPU.ActiveCfg = Release|Any CPU
		{815396EB-D51A-42BB-9E63-D0298EB5D1ED}.Release|Any CPU.Build.0 = Release|Any CPU
		{4EBF543A-8DE6-4897-A90A-640354AE4EAB}.Debug|Any CPU.ActiveCfg = Debug|Any CPU
		{4EBF543A-8DE6-4897-A90A-640354AE4EAB}.Debug|Any CPU.Build.0 = Debug|Any CPU
		{4EBF543A-8DE6-4897-A90A-640354AE4EAB}.Release|Any CPU.ActiveCfg = Release|Any CPU
		{4EBF543A-8DE6-4897-A90A-640354AE4EAB}.Release|Any CPU.Build.0 = Release|Any CPU
	EndGlobalSection
	GlobalSection(SolutionProperties) = preSolution
		HideSolutionNode = FALSE
	EndGlobalSection
	GlobalSection(ExtensibilityGlobals) = postSolution
		SolutionGuid = {B72DF94B-C6C7-4A2D-90BD-78970C31E686}
	EndGlobalSection
EndGlobal
